
Microsoft Visual Studio Solution File, Format Version 12.00
# Visual Studio Version 17
VisualStudioVersion = 17.9.34407.89
MinimumVisualStudioVersion = 10.0.40219.1
Project("{FAE04EC0-301F-11D3-BF4B-00C04F79EFBC}") = "MagicVilla_API", "MagicVilla_API\MagicVilla_API.csproj", "{ED777373-89AC-43D5-8180-3480C8DEA414}"
EndProject
Global
	GlobalSection(SolutionConfigurationPlatforms) = preSolution
		Debug|Any CPU = Debug|Any CPU
		Release|Any CPU = Release|Any CPU
	EndGlobalSection
	GlobalSection(ProjectConfigurationPlatforms) = postSolution
		{ED777373-89AC-43D5-8180-3480C8DEA414}.Debug|Any CPU.ActiveCfg = Debug|Any CPU
		{ED777373-89AC-43D5-8180-3480C8DEA414}.Debug|Any CPU.Build.0 = Debug|Any CPU
		{ED777373-89AC-43D5-8180-3480C8DEA414}.Release|Any CPU.ActiveCfg = Release|Any CPU
		{ED777373-89AC-43D5-8180-3480C8DEA414}.Release|Any CPU.Build.0 = Release|Any CPU
	EndGlobalSection
	GlobalSection(SolutionProperties) = preSolution
		HideSolutionNode = FALSE
	EndGlobalSection
	GlobalSection(ExtensibilityGlobals) = postSolution
		SolutionGuid = {E6765DB9-287E-4DCC-994E-FDE2C0EBDCF7}
	EndGlobalSection
EndGlobal
